
Microsoft Visual Studio Solution File, Format Version 12.00
# Visual Studio Version 17
VisualStudioVersion = 17.9.34728.123
MinimumVisualStudioVersion = 10.0.40219.1
Project("{FAE04EC0-301F-11D3-BF4B-00C04F79EFBC}") = "JHEditor", "JHEditor\JHEditor.csproj", "{2A10FFAA-724C-405B-B322-F6633CF9FE46}"
EndProject
Global
	GlobalSection(SolutionConfigurationPlatforms) = preSolution
		Debug|Any CPU = Debug|Any CPU
		Release|Any CPU = Release|Any CPU
	EndGlobalSection
	GlobalSection(ProjectConfigurationPlatforms) = postSolution
		{2A10FFAA-724C-405B-B322-F6633CF9FE46}.Debug|Any CPU.ActiveCfg = Debug|Any CPU
		{2A10FFAA-724C-405B-B322-F6633CF9FE46}.Debug|Any CPU.Build.0 = Debug|Any CPU
		{2A10FFAA-724C-405B-B322-F6633CF9FE46}.Release|Any CPU.ActiveCfg = Release|Any CPU
		{2A10FFAA-724C-405B-B322-F6633CF9FE46}.Release|Any CPU.Build.0 = Release|Any CPU
	EndGlobalSection
	GlobalSection(SolutionProperties) = preSolution
		HideSolutionNode = FALSE
	EndGlobalSection
	GlobalSection(ExtensibilityGlobals) = postSolution
		SolutionGuid = {ED29935B-7D30-4B91-9E9B-FD81467250CE}
	EndGlobalSection
EndGlobal
